
Microsoft Visual Studio Solution File, Format Version 12.00
# Visual Studio 15
VisualStudioVersion = 15.0.27703.2035
MinimumVisualStudioVersion = 10.0.40219.1
Project("{FAE04EC0-301F-11D3-BF4B-00C04F79EFBC}") = "All Will Be Metal", "All Will Be Metal\All Will Be Metal.csproj", "{EF860795-0DB1-4370-B9C6-360DF7575530}"
EndProject
Global
	GlobalSection(SolutionConfigurationPlatforms) = preSolution
		Debug|Any CPU = Debug|Any CPU
		Release|Any CPU = Release|Any CPU
	EndGlobalSection
	GlobalSection(ProjectConfigurationPlatforms) = postSolution
		{EF860795-0DB1-4370-B9C6-360DF7575530}.Debug|Any CPU.ActiveCfg = Debug|Any CPU
		{EF860795-0DB1-4370-B9C6-360DF7575530}.Debug|Any CPU.Build.0 = Debug|Any CPU
		{EF860795-0DB1-4370-B9C6-360DF7575530}.Release|Any CPU.ActiveCfg = Release|Any CPU
		{EF860795-0DB1-4370-B9C6-360DF7575530}.Release|Any CPU.Build.0 = Release|Any CPU
	EndGlobalSection
	GlobalSection(SolutionProperties) = preSolution
		HideSolutionNode = FALSE
	EndGlobalSection
	GlobalSection(ExtensibilityGlobals) = postSolution
		SolutionGuid = {D18FBE5A-39FF-48FD-A6FB-EBC03B0A52B2}
	EndGlobalSection
EndGlobal
